
Microsoft Visual Studio Solution File, Format Version 12.00
# Visual Studio Version 17
VisualStudioVersion = 17.9.34607.119
MinimumVisualStudioVersion = 10.0.40219.1
Project("{FAE04EC0-301F-11D3-BF4B-00C04F79EFBC}") = "Web Application", "Web Application\Web Application.csproj", "{BAF7E37E-2567-41B5-8699-2142A319A147}"
EndProject
Global
	GlobalSection(SolutionConfigurationPlatforms) = preSolution
		Debug|Any CPU = Debug|Any CPU
		Release|Any CPU = Release|Any CPU
	EndGlobalSection
	GlobalSection(ProjectConfigurationPlatforms) = postSolution
		{BAF7E37E-2567-41B5-8699-2142A319A147}.Debug|Any CPU.ActiveCfg = Debug|Any CPU
		{BAF7E37E-2567-41B5-8699-2142A319A147}.Debug|Any CPU.Build.0 = Debug|Any CPU
		{BAF7E37E-2567-41B5-8699-2142A319A147}.Release|Any CPU.ActiveCfg = Release|Any CPU
		{BAF7E37E-2567-41B5-8699-2142A319A147}.Release|Any CPU.Build.0 = Release|Any CPU
	EndGlobalSection
	GlobalSection(SolutionProperties) = preSolution
		HideSolutionNode = FALSE
	EndGlobalSection
	GlobalSection(ExtensibilityGlobals) = postSolution
		SolutionGuid = {C290C80E-589D-4F3C-BCBD-CD7567E109AF}
	EndGlobalSection
EndGlobal
