
Microsoft Visual Studio Solution File, Format Version 12.00
# Visual Studio Version 17
VisualStudioVersion = 17.9.34607.119
MinimumVisualStudioVersion = 10.0.40219.1
Project("{FAE04EC0-301F-11D3-BF4B-00C04F79EFBC}") = "GIT-Jenkins-Test", "GIT-Jenkins-Test\GIT-Jenkins-Test.csproj", "{6CAA7A49-B80C-478C-95EF-ECCF1C0B37E1}"
EndProject
Global
	GlobalSection(SolutionConfigurationPlatforms) = preSolution
		Debug|Any CPU = Debug|Any CPU
		Release|Any CPU = Release|Any CPU
	EndGlobalSection
	GlobalSection(ProjectConfigurationPlatforms) = postSolution
		{6CAA7A49-B80C-478C-95EF-ECCF1C0B37E1}.Debug|Any CPU.ActiveCfg = Debug|Any CPU
		{6CAA7A49-B80C-478C-95EF-ECCF1C0B37E1}.Debug|Any CPU.Build.0 = Debug|Any CPU
		{6CAA7A49-B80C-478C-95EF-ECCF1C0B37E1}.Release|Any CPU.ActiveCfg = Release|Any CPU
		{6CAA7A49-B80C-478C-95EF-ECCF1C0B37E1}.Release|Any CPU.Build.0 = Release|Any CPU
	EndGlobalSection
	GlobalSection(SolutionProperties) = preSolution
		HideSolutionNode = FALSE
	EndGlobalSection
	GlobalSection(ExtensibilityGlobals) = postSolution
		SolutionGuid = {5AAD5BBC-B322-4E12-8471-B4A5A648CAE6}
	EndGlobalSection
EndGlobal
